
Microsoft Visual Studio Solution File, Format Version 12.00
# Visual Studio Version 17
VisualStudioVersion = 17.4.33205.214
MinimumVisualStudioVersion = 10.0.40219.1
Project("{FAE04EC0-301F-11D3-BF4B-00C04F79EFBC}") = "Preference_json", "Preference_json\Preference_json.csproj", "{DCD515F3-45E4-48B3-8AA0-D516FF7542A0}"
EndProject
Global
	GlobalSection(SolutionConfigurationPlatforms) = preSolution
		Debug|Any CPU = Debug|Any CPU
		Release|Any CPU = Release|Any CPU
	EndGlobalSection
	GlobalSection(ProjectConfigurationPlatforms) = postSolution
		{DCD515F3-45E4-48B3-8AA0-D516FF7542A0}.Debug|Any CPU.ActiveCfg = Debug|Any CPU
		{DCD515F3-45E4-48B3-8AA0-D516FF7542A0}.Debug|Any CPU.Build.0 = Debug|Any CPU
		{DCD515F3-45E4-48B3-8AA0-D516FF7542A0}.Release|Any CPU.ActiveCfg = Release|Any CPU
		{DCD515F3-45E4-48B3-8AA0-D516FF7542A0}.Release|Any CPU.Build.0 = Release|Any CPU
	EndGlobalSection
	GlobalSection(SolutionProperties) = preSolution
		HideSolutionNode = FALSE
	EndGlobalSection
	GlobalSection(ExtensibilityGlobals) = postSolution
		SolutionGuid = {7FABD245-90EE-469F-8748-2B057A38829B}
	EndGlobalSection
EndGlobal
